<?xml version="1.0" encoding="utf-8"?>
<Workspace>
  <PropertyGroup>
    <SolutionName>Cashflowpoly</SolutionName>
  </PropertyGroup>
  <ItemGroup>
    <Project Include="src\Cashflowpoly.Api\Cashflowpoly.Api.csproj" />
    <Project Include="src\Cashflowpoly.Ui\Cashflowpoly.Ui.csproj" />
    <Project Include="tests\Cashflowpoly.Api.Tests\Cashflowpoly.Api.Tests.csproj" />
  </ItemGroup>
</Workspace>
